{
  "requires": true,
  "lockfileVersion": 1,
  "dependencies": {
    "react-files-uploading": {
      "version": "1.0.2",
      "resolved": "https://registry.npmjs.org/react-files-uploading/-/react-files-uploading-1.0.2.tgz",
      "integrity": "sha512-CIsUTNZY7UvE9yW5HC9xd3rQZ5M3SoNk98pnl4CK6jDAd4RR8uUuthaNtVpooehBknciIRfIoN5jiuHBUhNu7A=="
    }
  }
}
