{
  "requires": true,
  "lockfileVersion": 1,
  "dependencies": {
    "@remix-run/router": {
      "version": "1.0.2",
      "resolved": "https://registry.npmjs.org/@remix-run/router/-/router-1.0.2.tgz",
      "integrity": "sha512-GRSOFhJzjGN+d4sKHTMSvNeUPoZiDHWmRnXfzaxrqe7dE/Nzlc8BiMSJdLDESZlndM7jIUrZ/F4yWqVYlI0rwQ=="
    },
    "modules": {
      "version": "0.4.0",
      "resolved": "https://registry.npmjs.org/modules/-/modules-0.4.0.tgz",
      "integrity": "sha512-LX4JgwPHJr1FurPDKp1BlGgMXqZXtxO1O8ABGmj2g15CbLGlInTHcA9flqw6uN6oYKE2T0ngWdiHvcX97mdBsw=="
    },
    "node": {
      "version": "18.11.0",
      "resolved": "https://registry.npmjs.org/node/-/node-18.11.0.tgz",
      "integrity": "sha512-HXpfv0Znmuah/KaxWzVnjBChw3fm+VhU2en/LPr7PU4OtfrnwL1M6hEMOAiRoVB7+L9+5VYCUG8EZJ1J3KqfkA==",
      "requires": {
        "node-bin-setup": "^1.0.0"
      }
    },
    "node-bin-setup": {
      "version": "1.1.3",
      "resolved": "https://registry.npmjs.org/node-bin-setup/-/node-bin-setup-1.1.3.tgz",
      "integrity": "sha512-opgw9iSCAzT2+6wJOETCpeRYAQxSopqQ2z+N6BXwIMsQQ7Zj5M8MaafQY8JMlolRR6R1UXg2WmhKp0p9lSOivg=="
    },
    "react-router": {
      "version": "6.4.2",
      "resolved": "https://registry.npmjs.org/react-router/-/react-router-6.4.2.tgz",
      "integrity": "sha512-Rb0BAX9KHhVzT1OKhMvCDMw776aTYM0DtkxqUBP8dNBom3mPXlfNs76JNGK8wKJ1IZEY1+WGj+cvZxHVk/GiKw==",
      "requires": {
        "@remix-run/router": "1.0.2"
      }
    },
    "react-router-dom": {
      "version": "6.4.2",
      "resolved": "https://registry.npmjs.org/react-router-dom/-/react-router-dom-6.4.2.tgz",
      "integrity": "sha512-yM1kjoTkpfjgczPrcyWrp+OuQMyB1WleICiiGfstnQYo/S8hPEEnVjr/RdmlH6yKK4Tnj1UGXFSa7uwAtmDoLQ==",
      "requires": {
        "@remix-run/router": "1.0.2",
        "react-router": "6.4.2"
      }
    }
  }
}
